
Microsoft Visual Studio Solution File, Format Version 12.00
# Visual Studio Version 16
VisualStudioVersion = 16.0.30114.105
MinimumVisualStudioVersion = 10.0.40219.1
Project("{2150E333-8FDC-42A3-9474-1A3956D46DE8}") = "Web", "Web", "{A4B0690D-63E8-4EFF-8E31-6A592269D2FD}"
EndProject
Project("{FAE04EC0-301F-11D3-BF4B-00C04F79EFBC}") = "LGED.Web", "Web\LGED.Web\LGED.Web.csproj", "{ACDDAF18-969F-47E2-89EF-BB32D99B4A90}"
EndProject
Project("{2150E333-8FDC-42A3-9474-1A3956D46DE8}") = "Core", "Core", "{CE74645E-0746-4665-9C87-606331929E92}"
EndProject
Project("{FAE04EC0-301F-11D3-BF4B-00C04F79EFBC}") = "LGED.Core", "Core\LGED.Core\LGED.Core.csproj", "{24BC2F1C-85D6-447C-8F1C-B2920A7F0A30}"
EndProject
Project("{2150E333-8FDC-42A3-9474-1A3956D46DE8}") = "Data", "Data", "{44E1C113-206E-4FBD-B341-E2FF3FADED0D}"
EndProject
Project("{FAE04EC0-301F-11D3-BF4B-00C04F79EFBC}") = "LGED.Data", "Data\LGED.Data\LGED.Data.csproj", "{58A4AC53-8000-4685-942B-F597042C11D0}"
EndProject
Project("{2150E333-8FDC-42A3-9474-1A3956D46DE8}") = "Domain", "Domain", "{F8668E0B-F879-4EA8-B945-AC87E033403A}"
EndProject
Project("{FAE04EC0-301F-11D3-BF4B-00C04F79EFBC}") = "LGED.Domain", "Domain\LGED.Domain\LGED.Domain.csproj", "{152871A5-AEE9-40E1-8C1D-9104E909F325}"
EndProject
Project("{2150E333-8FDC-42A3-9474-1A3956D46DE8}") = "Library", "Library", "{DE37625F-7918-41C3-B888-0D05866901D4}"
EndProject
Project("{FAE04EC0-301F-11D3-BF4B-00C04F79EFBC}") = "LGED.Library", "Library\LGED.Library\LGED.Library.csproj", "{A94B5ABD-CDC6-4AFF-A429-3EC6CCA8CB49}"
EndProject
Project("{2150E333-8FDC-42A3-9474-1A3956D46DE8}") = "Model", "Model", "{9302D1C5-ABE5-4FAE-8F3A-EF5C22B8ACBE}"
EndProject
Project("{FAE04EC0-301F-11D3-BF4B-00C04F79EFBC}") = "LGED.Model", "Model\LGED.Model\LGED.Model.csproj", "{1F732628-DA65-4C5B-A484-9D5720DD692C}"
EndProject
Global
	GlobalSection(SolutionConfigurationPlatforms) = preSolution
		Debug|Any CPU = Debug|Any CPU
		Release|Any CPU = Release|Any CPU
	EndGlobalSection
	GlobalSection(SolutionProperties) = preSolution
		HideSolutionNode = FALSE
	EndGlobalSection
	GlobalSection(ProjectConfigurationPlatforms) = postSolution
		{ACDDAF18-969F-47E2-89EF-BB32D99B4A90}.Debug|Any CPU.ActiveCfg = Debug|Any CPU
		{ACDDAF18-969F-47E2-89EF-BB32D99B4A90}.Debug|Any CPU.Build.0 = Debug|Any CPU
		{ACDDAF18-969F-47E2-89EF-BB32D99B4A90}.Release|Any CPU.ActiveCfg = Release|Any CPU
		{ACDDAF18-969F-47E2-89EF-BB32D99B4A90}.Release|Any CPU.Build.0 = Release|Any CPU
		{24BC2F1C-85D6-447C-8F1C-B2920A7F0A30}.Debug|Any CPU.ActiveCfg = Debug|Any CPU
		{24BC2F1C-85D6-447C-8F1C-B2920A7F0A30}.Debug|Any CPU.Build.0 = Debug|Any CPU
		{24BC2F1C-85D6-447C-8F1C-B2920A7F0A30}.Release|Any CPU.ActiveCfg = Release|Any CPU
		{24BC2F1C-85D6-447C-8F1C-B2920A7F0A30}.Release|Any CPU.Build.0 = Release|Any CPU
		{58A4AC53-8000-4685-942B-F597042C11D0}.Debug|Any CPU.ActiveCfg = Debug|Any CPU
		{58A4AC53-8000-4685-942B-F597042C11D0}.Debug|Any CPU.Build.0 = Debug|Any CPU
		{58A4AC53-8000-4685-942B-F597042C11D0}.Release|Any CPU.ActiveCfg = Release|Any CPU
		{58A4AC53-8000-4685-942B-F597042C11D0}.Release|Any CPU.Build.0 = Release|Any CPU
		{152871A5-AEE9-40E1-8C1D-9104E909F325}.Debug|Any CPU.ActiveCfg = Debug|Any CPU
		{152871A5-AEE9-40E1-8C1D-9104E909F325}.Debug|Any CPU.Build.0 = Debug|Any CPU
		{152871A5-AEE9-40E1-8C1D-9104E909F325}.Release|Any CPU.ActiveCfg = Release|Any CPU
		{152871A5-AEE9-40E1-8C1D-9104E909F325}.Release|Any CPU.Build.0 = Release|Any CPU
		{A94B5ABD-CDC6-4AFF-A429-3EC6CCA8CB49}.Debug|Any CPU.ActiveCfg = Debug|Any CPU
		{A94B5ABD-CDC6-4AFF-A429-3EC6CCA8CB49}.Debug|Any CPU.Build.0 = Debug|Any CPU
		{A94B5ABD-CDC6-4AFF-A429-3EC6CCA8CB49}.Release|Any CPU.ActiveCfg = Release|Any CPU
		{A94B5ABD-CDC6-4AFF-A429-3EC6CCA8CB49}.Release|Any CPU.Build.0 = Release|Any CPU
		{1F732628-DA65-4C5B-A484-9D5720DD692C}.Debug|Any CPU.ActiveCfg = Debug|Any CPU
		{1F732628-DA65-4C5B-A484-9D5720DD692C}.Debug|Any CPU.Build.0 = Debug|Any CPU
		{1F732628-DA65-4C5B-A484-9D5720DD692C}.Release|Any CPU.ActiveCfg = Release|Any CPU
		{1F732628-DA65-4C5B-A484-9D5720DD692C}.Release|Any CPU.Build.0 = Release|Any CPU
	EndGlobalSection
	GlobalSection(NestedProjects) = preSolution
		{ACDDAF18-969F-47E2-89EF-BB32D99B4A90} = {A4B0690D-63E8-4EFF-8E31-6A592269D2FD}
		{24BC2F1C-85D6-447C-8F1C-B2920A7F0A30} = {CE74645E-0746-4665-9C87-606331929E92}
		{58A4AC53-8000-4685-942B-F597042C11D0} = {44E1C113-206E-4FBD-B341-E2FF3FADED0D}
		{152871A5-AEE9-40E1-8C1D-9104E909F325} = {F8668E0B-F879-4EA8-B945-AC87E033403A}
		{A94B5ABD-CDC6-4AFF-A429-3EC6CCA8CB49} = {DE37625F-7918-41C3-B888-0D05866901D4}
		{1F732628-DA65-4C5B-A484-9D5720DD692C} = {9302D1C5-ABE5-4FAE-8F3A-EF5C22B8ACBE}
	EndGlobalSection
EndGlobal
